
Microsoft Visual Studio Solution File, Format Version 12.00
# Visual Studio 14
VisualStudioVersion = 14.0.25420.1
MinimumVisualStudioVersion = 10.0.40219.1
Project("{FAE04EC0-301F-11D3-BF4B-00C04F79EFBC}") = "BidOn.Web", "BidOn.Web\BidOn.Web.csproj", "{540E588A-BD3B-42DB-87C3-4854631ACF82}"
EndProject
Project("{FAE04EC0-301F-11D3-BF4B-00C04F79EFBC}") = "BidOn.Entities", "BidOn.Entities\BidOn.Entities.csproj", "{E258E94D-CBCB-48B1-83D2-CD41122C5C8E}"
EndProject
Project("{FAE04EC0-301F-11D3-BF4B-00C04F79EFBC}") = "BidOn.Data", "BidOn.Data\BidOn.Data.csproj", "{05F316FB-25AB-460B-86DA-725D0A7C75BD}"
EndProject
Project("{FAE04EC0-301F-11D3-BF4B-00C04F79EFBC}") = "BidOn.Service", "BidOn.Service\BidOn.Service.csproj", "{4BF4421E-268C-487E-AE2D-C8DD38DB82F0}"
EndProject
Global
	GlobalSection(SolutionConfigurationPlatforms) = preSolution
		Debug|Any CPU = Debug|Any CPU
		Release|Any CPU = Release|Any CPU
	EndGlobalSection
	GlobalSection(ProjectConfigurationPlatforms) = postSolution
		{540E588A-BD3B-42DB-87C3-4854631ACF82}.Debug|Any CPU.ActiveCfg = Debug|Any CPU
		{540E588A-BD3B-42DB-87C3-4854631ACF82}.Debug|Any CPU.Build.0 = Debug|Any CPU
		{540E588A-BD3B-42DB-87C3-4854631ACF82}.Release|Any CPU.ActiveCfg = Release|Any CPU
		{540E588A-BD3B-42DB-87C3-4854631ACF82}.Release|Any CPU.Build.0 = Release|Any CPU
		{E258E94D-CBCB-48B1-83D2-CD41122C5C8E}.Debug|Any CPU.ActiveCfg = Debug|Any CPU
		{E258E94D-CBCB-48B1-83D2-CD41122C5C8E}.Debug|Any CPU.Build.0 = Debug|Any CPU
		{E258E94D-CBCB-48B1-83D2-CD41122C5C8E}.Release|Any CPU.ActiveCfg = Release|Any CPU
		{E258E94D-CBCB-48B1-83D2-CD41122C5C8E}.Release|Any CPU.Build.0 = Release|Any CPU
		{05F316FB-25AB-460B-86DA-725D0A7C75BD}.Debug|Any CPU.ActiveCfg = Debug|Any CPU
		{05F316FB-25AB-460B-86DA-725D0A7C75BD}.Debug|Any CPU.Build.0 = Debug|Any CPU
		{05F316FB-25AB-460B-86DA-725D0A7C75BD}.Release|Any CPU.ActiveCfg = Release|Any CPU
		{05F316FB-25AB-460B-86DA-725D0A7C75BD}.Release|Any CPU.Build.0 = Release|Any CPU
		{4BF4421E-268C-487E-AE2D-C8DD38DB82F0}.Debug|Any CPU.ActiveCfg = Debug|Any CPU
		{4BF4421E-268C-487E-AE2D-C8DD38DB82F0}.Debug|Any CPU.Build.0 = Debug|Any CPU
		{4BF4421E-268C-487E-AE2D-C8DD38DB82F0}.Release|Any CPU.ActiveCfg = Release|Any CPU
		{4BF4421E-268C-487E-AE2D-C8DD38DB82F0}.Release|Any CPU.Build.0 = Release|Any CPU
	EndGlobalSection
	GlobalSection(SolutionProperties) = preSolution
		HideSolutionNode = FALSE
	EndGlobalSection
EndGlobal
